
Microsoft Visual Studio Solution File, Format Version 12.00
# Visual Studio Version 16
VisualStudioVersion = 16.0.30413.136
MinimumVisualStudioVersion = 10.0.40219.1
Project("{FAE04EC0-301F-11D3-BF4B-00C04F79EFBC}") = "CrudEntityFramework", "CrudEntityFramework\CrudEntityFramework.csproj", "{AEAF98F7-A115-40DC-A7BC-D7206FE4C54B}"
EndProject
Global
	GlobalSection(SolutionConfigurationPlatforms) = preSolution
		Debug|Any CPU = Debug|Any CPU
		Release|Any CPU = Release|Any CPU
	EndGlobalSection
	GlobalSection(ProjectConfigurationPlatforms) = postSolution
		{AEAF98F7-A115-40DC-A7BC-D7206FE4C54B}.Debug|Any CPU.ActiveCfg = Debug|Any CPU
		{AEAF98F7-A115-40DC-A7BC-D7206FE4C54B}.Debug|Any CPU.Build.0 = Debug|Any CPU
		{AEAF98F7-A115-40DC-A7BC-D7206FE4C54B}.Release|Any CPU.ActiveCfg = Release|Any CPU
		{AEAF98F7-A115-40DC-A7BC-D7206FE4C54B}.Release|Any CPU.Build.0 = Release|Any CPU
	EndGlobalSection
	GlobalSection(SolutionProperties) = preSolution
		HideSolutionNode = FALSE
	EndGlobalSection
	GlobalSection(ExtensibilityGlobals) = postSolution
		SolutionGuid = {6C884BA4-E127-42C4-9166-09DA41F633AF}
	EndGlobalSection
EndGlobal
